lockfileVersion: '9.0'

settings:
  autoInstallPeers: true
  excludeLinksFromLockfile: false

importers:

  .:
    dependencies:
      '@isonia/types':
        specifier: github:isoniaos/types#v0.6.0-alpha.1
        version: https://codeload.github.com/isoniaos/types/tar.gz/d2a2fb3987be283220270ddeb94e2c1a41d4e7d4
    devDependencies:
      typescript:
        specifier: 5.7.3
        version: 5.7.3

packages:

  '@isonia/types@https://codeload.github.com/isoniaos/types/tar.gz/d2a2fb3987be283220270ddeb94e2c1a41d4e7d4':
    resolution: {tarball: https://codeload.github.com/isoniaos/types/tar.gz/d2a2fb3987be283220270ddeb94e2c1a41d4e7d4}
    version: 0.6.0-alpha.1

  typescript@5.7.3:
    resolution: {integrity: sha512-84MVSjMEHP+FQRPy3pX9sTVV/INIex71s9TL2Gm5FG/WG1SqXeKyZ0k7/blY/4FdOzI12CBy1vGc4og/eus0fw==}
    engines: {node: '>=14.17'}
    hasBin: true

snapshots:

  '@isonia/types@https://codeload.github.com/isoniaos/types/tar.gz/d2a2fb3987be283220270ddeb94e2c1a41d4e7d4': {}

  typescript@5.7.3: {}
