lockfileVersion: '9.0'

settings:
  autoInstallPeers: true
  excludeLinksFromLockfile: false

importers:

  .:
    dependencies:
      '@isonia/types':
        specifier: github:isoniaos/types#v0.5.0-alpha.3
        version: https://codeload.github.com/isoniaos/types/tar.gz/22e6625a421a63f6169df24f85f61af090c27c31
    devDependencies:
      typescript:
        specifier: 5.7.3
        version: 5.7.3

packages:

  '@isonia/types@https://codeload.github.com/isoniaos/types/tar.gz/22e6625a421a63f6169df24f85f61af090c27c31':
    resolution: {tarball: https://codeload.github.com/isoniaos/types/tar.gz/22e6625a421a63f6169df24f85f61af090c27c31}
    version: 0.5.0-alpha.3

  typescript@5.7.3:
    resolution: {integrity: sha512-84MVSjMEHP+FQRPy3pX9sTVV/INIex71s9TL2Gm5FG/WG1SqXeKyZ0k7/blY/4FdOzI12CBy1vGc4og/eus0fw==}
    engines: {node: '>=14.17'}
    hasBin: true

snapshots:

  '@isonia/types@https://codeload.github.com/isoniaos/types/tar.gz/22e6625a421a63f6169df24f85f61af090c27c31': {}

  typescript@5.7.3: {}
